{
  "lockfileVersion": 1,
  "workspaces": {
    "": {},
    "apps/repl": {
      "name": "demos",
      "dependencies": {
        "@extra-lang/inspect": "workspace:*",
        "@extra-lang/lang": "workspace:*",
        "@teaui/core": "latest",
        "@teaui/react": "latest",
        "@types/ws": "^8.18.1",
        "react": "^18.3.1",
        "ws": "^8.18.1",
      },
      "devDependencies": {
        "@extra-lang/shared": "workspace:*",
        "@types/node": "^22.13.10",
        "@types/react": "^18.3.19",
      },
    },
    "packages/cases": {
      "name": "@extra-lang/cases",
      "version": "0.1.0",
      "devDependencies": {
        "@extra-lang/inspect": "workspace:*",
        "@extra-lang/shared": "workspace:*",
      },
    },
    "packages/inspect": {
      "name": "@extra-lang/inspect",
      "version": "0.1.0",
      "devDependencies": {
        "@extra-lang/shared": "workspace:*",
        "typescript": "^5.7.3",
      },
    },
    "packages/lang": {
      "name": "@extra-lang/lang",
      "version": "0.1.0",
      "dependencies": {
        "@extra-lang/parse": "workspace:*",
        "@extra-lang/result": "workspace:*",
        "@extra-lang/util": "workspace:*",
        "grapheme-splitter": "^1.0.4",
      },
      "devDependencies": {
        "@extra-lang/cases": "workspace:*",
        "@extra-lang/inspect": "workspace:*",
        "@extra-lang/shared": "workspace:*",
        "typescript": "^5.7.3",
      },
    },
    "packages/parse": {
      "name": "@extra-lang/parse",
      "version": "0.1.0",
      "dependencies": {
        "@extra-lang/result": "workspace:*",
      },
      "devDependencies": {
        "@extra-lang/cases": "workspace:*",
        "@extra-lang/inspect": "workspace:*",
        "@extra-lang/shared": "workspace:*",
        "typescript": "^5.7.3",
      },
    },
    "packages/result": {
      "name": "@extra-lang/result",
      "version": "0.1.0",
      "devDependencies": {
        "@extra-lang/cases": "workspace:*",
        "@extra-lang/inspect": "workspace:*",
        "@extra-lang/shared": "workspace:*",
        "typescript": "^5.7.3",
      },
    },
    "packages/util": {
      "name": "@extra-lang/util",
      "version": "0.1.0",
      "dependencies": {
        "@extra-lang/result": "workspace:*",
      },
      "devDependencies": {
        "@extra-lang/cases": "workspace:*",
        "@extra-lang/inspect": "workspace:*",
        "@extra-lang/shared": "workspace:*",
        "typescript": "^5.7.3",
      },
    },
    "shared": {
      "name": "@extra-lang/shared",
      "bin": {
        "check": "./main.js"
      },
    },
  },
  "packages": {
    "@extra-lang/cases": ["@extra-lang/cases@workspace:packages/cases"],

    "@extra-lang/inspect": ["@extra-lang/inspect@workspace:packages/inspect"],

    "@extra-lang/lang": ["@extra-lang/lang@workspace:packages/lang"],

    "@extra-lang/parse": ["@extra-lang/parse@workspace:packages/parse"],

    "@extra-lang/result": ["@extra-lang/result@workspace:packages/result"],

    "@extra-lang/shared": ["@extra-lang/shared@workspace:shared"],

    "@extra-lang/util": ["@extra-lang/util@workspace:packages/util"],

    "@teaui/core": ["@teaui/core@1.3.7", "", {}, "sha512-UzAP27HzeOzBy0CyG7wKNfXZiGlZvG7xNC1L0b0We//nESsb5miDsftMwux791Vrpvj4/mgLiW57km+IG2GtUg=="],

    "@teaui/react": ["@teaui/react@1.3.7", "", { "dependencies": { "@teaui/core": "1.3.7" }, "peerDependencies": { "react": "^18.2.0", "react-reconciler": "^0.29.0" } }, "sha512-BgAZTAGAOsyaRkqXeAe1ip6c80U+2ov9SSY4m7znm5VGAq3V2ofE9sLnSHZ3ioMWmG6Xz1n0qWi2JwsUvu5JVQ=="],

    "@types/node": ["@types/node@22.13.10", "", { "dependencies": { "undici-types": "~6.20.0" } }, "sha512-I6LPUvlRH+O6VRUqYOcMudhaIdUVWfsjnZavnsraHvpBwaEyMN29ry+0UVJhImYL16xsscu0aske3yA+uPOWfw=="],

    "@types/prop-types": ["@types/prop-types@15.7.14", "", {}, "sha512-gNMvNH49DJ7OJYv+KAKn0Xp45p8PLl6zo2YnvDIbTd4J6MER2BmWN49TG7n9LvkyihINxeKW8+3bfS2yDC9dzQ=="],

    "@types/react": ["@types/react@18.3.19", "", { "dependencies": { "@types/prop-types": "*", "csstype": "^3.0.2" } }, "sha512-fcdJqaHOMDbiAwJnXv6XCzX0jDW77yI3tJqYh1Byn8EL5/S628WRx9b/y3DnNe55zTukUQKrfYxiZls2dHcUMw=="],

    "@types/ws": ["@types/ws@8.18.1", "", { "dependencies": { "@types/node": "*" } }, "sha512-ThVF6DCVhA8kUGy+aazFQ4kXQ7E1Ty7A3ypFOe0IcJV8O/M511G99AW24irKrW56Wt44yG9+ij8FaqoBGkuBXg=="],

    "csstype": ["csstype@3.1.3", "", {}, "sha512-M1uQkMl8rQK/szD0LNhtqxIPLpimGm8sOBwU7lLnCpSbTyY3yeU1Vc7l4KT5zT4s/yOxHH5O7tIuuLOCnLADRw=="],

    "demos": ["demos@workspace:apps/repl"],

    "grapheme-splitter": ["grapheme-splitter@1.0.4", "", {}, "sha512-bzh50DW9kTPM00T8y4o8vQg89Di9oLJVLW/KaOGIXJWP/iqCN6WKYkbNOF04vFLJhwcpYUh9ydh/+5vpOqV4YQ=="],

    "js-tokens": ["js-tokens@4.0.0", "", {}, "sha512-RdJUflcE3cUzKiMqQgsCu06FPu9UdIJO0beYbPhHN4k6apgJtifcoCtT9bcxOpYBtpD2kCM6Sbzg4CausW/PKQ=="],

    "loose-envify": ["loose-envify@1.4.0", "", { "dependencies": { "js-tokens": "^3.0.0 || ^4.0.0" }, "bin": { "loose-envify": "cli.js" } }, "sha512-lyuxPGr/Wfhrlem2CL/UcnUc1zcqKAImBDzukY7Y5F/yQiNdko6+fRLevlw1HgMySw7f611UIY408EtxRSoK3Q=="],

    "react": ["react@18.3.1", "", { "dependencies": { "loose-envify": "^1.1.0" } }, "sha512-wS+hAgJShR0KhEvPJArfuPVN1+Hz1t0Y6n5jLrGQbkb4urgPE/0Rve+1kMB1v/oWgHgm4WIcV+i7F2pTVj+2iQ=="],

    "react-reconciler": ["react-reconciler@0.29.2", "", { "dependencies": { "loose-envify": "^1.1.0", "scheduler": "^0.23.2" }, "peerDependencies": { "react": "^18.3.1" } }, "sha512-zZQqIiYgDCTP/f1N/mAR10nJGrPD2ZR+jDSEsKWJHYC7Cm2wodlwbR3upZRdC3cjIjSlTLNVyO7Iu0Yy7t2AYg=="],

    "scheduler": ["scheduler@0.23.2", "", { "dependencies": { "loose-envify": "^1.1.0" } }, "sha512-UOShsPwz7NrMUqhR6t0hWjFduvOzbtv7toDH1/hIrfRNIDBnnBWd0CwJTGvTpngVlmwGCdP9/Zl/tVrDqcuYzQ=="],

    "typescript": ["typescript@5.8.2", "", { "bin": { "tsc": "bin/tsc", "tsserver": "bin/tsserver" } }, "sha512-aJn6wq13/afZp/jT9QZmwEjDqqvSGp1VT5GVg+f/t6/oVyrgXM6BY1h9BRh/O5p3PlUPAe+WuiEZOmb/49RqoQ=="],

    "undici-types": ["undici-types@6.20.0", "", {}, "sha512-Ny6QZ2Nju20vw1SRHe3d9jVu6gJ+4e3+MMpqu7pqE5HT6WsTSlce++GQmK5UXS8mzV8DSYHrQH+Xrf2jVcuKNg=="],

    "ws": ["ws@8.18.1", "", { "peerDependencies": { "bufferutil": "^4.0.1", "utf-8-validate": ">=5.0.2" }, "optionalPeers": ["bufferutil", "utf-8-validate"] }, "sha512-RKW2aJZMXeMxVpnZ6bck+RswznaxmzdULiBr6KY7XkTnW8uvt0iT9H5DkHUChXrc+uurzwa0rVI16n/Xzjdz1w=="],
  }
}
